
Microsoft Visual Studio Solution File, Format Version 12.00
# Visual Studio Version 16
VisualStudioVersion = 16.0.30204.135
MinimumVisualStudioVersion = 10.0.40219.1
Project("{FAE04EC0-301F-11D3-BF4B-00C04F79EFBC}") = "ProjectTest", "ProjectTest.csproj", "{B287B65C-9D24-4158-81B9-65F23C86F11D}"
EndProject
Global
	GlobalSection(SolutionConfigurationPlatforms) = preSolution
		Debug|Any CPU = Debug|Any CPU
		Release|Any CPU = Release|Any CPU
	EndGlobalSection
	GlobalSection(ProjectConfigurationPlatforms) = postSolution
		{B287B65C-9D24-4158-81B9-65F23C86F11D}.Debug|Any CPU.ActiveCfg = Debug|Any CPU
		{B287B65C-9D24-4158-81B9-65F23C86F11D}.Debug|Any CPU.Build.0 = Debug|Any CPU
		{B287B65C-9D24-4158-81B9-65F23C86F11D}.Release|Any CPU.ActiveCfg = Release|Any CPU
		{B287B65C-9D24-4158-81B9-65F23C86F11D}.Release|Any CPU.Build.0 = Release|Any CPU
	EndGlobalSection
	GlobalSection(SolutionProperties) = preSolution
		HideSolutionNode = FALSE
	EndGlobalSection
	GlobalSection(ExtensibilityGlobals) = postSolution
		SolutionGuid = {1641C73B-8606-4627-83CB-284FD54A296A}
	EndGlobalSection
EndGlobal
